
Microsoft Visual Studio Solution File, Format Version 12.00
# Visual Studio Version 16
VisualStudioVersion = 16.0.32602.291
MinimumVisualStudioVersion = 10.0.40219.1
Project("{FAE04EC0-301F-11D3-BF4B-00C04F79EFBC}") = "GeometricArea", "GeometricArea\GeometricArea.csproj", "{570A3781-C2AA-4098-8E60-48751161A24C}"
EndProject
Global
	GlobalSection(SolutionConfigurationPlatforms) = preSolution
		Debug|Any CPU = Debug|Any CPU
		Release|Any CPU = Release|Any CPU
	EndGlobalSection
	GlobalSection(ProjectConfigurationPlatforms) = postSolution
		{570A3781-C2AA-4098-8E60-48751161A24C}.Debug|Any CPU.ActiveCfg = Debug|Any CPU
		{570A3781-C2AA-4098-8E60-48751161A24C}.Debug|Any CPU.Build.0 = Debug|Any CPU
		{570A3781-C2AA-4098-8E60-48751161A24C}.Release|Any CPU.ActiveCfg = Release|Any CPU
		{570A3781-C2AA-4098-8E60-48751161A24C}.Release|Any CPU.Build.0 = Release|Any CPU
	EndGlobalSection
	GlobalSection(SolutionProperties) = preSolution
		HideSolutionNode = FALSE
	EndGlobalSection
	GlobalSection(ExtensibilityGlobals) = postSolution
		SolutionGuid = {2B0BD1E0-F34F-4591-860F-C35606C6B1FF}
	EndGlobalSection
EndGlobal
